
Microsoft Visual Studio Solution File, Format Version 12.00
# Visual Studio Version 16
VisualStudioVersion = 16.0.30406.217
MinimumVisualStudioVersion = 10.0.40219.1
Project("{FAE04EC0-301F-11D3-BF4B-00C04F79EFBC}") = "InsERTSubiektNexo.XAF.Module", "InsERTSubiektNexo.XAF.Module\InsERTSubiektNexo.XAF.Module.csproj", "{E2CD70F8-B7BA-4F46-9460-65EBC4046461}"
EndProject
Project("{FAE04EC0-301F-11D3-BF4B-00C04F79EFBC}") = "InsERTSubiektNexo.XAF.Module.Win", "InsERTSubiektNexo.XAF.Module.Win\InsERTSubiektNexo.XAF.Module.Win.csproj", "{F2F4AFDD-F61B-4E97-BE06-468A60C4670C}"
EndProject
Project("{FAE04EC0-301F-11D3-BF4B-00C04F79EFBC}") = "InsERTSubiektNexo.XAF.Win", "InsERTSubiektNexo.XAF.Win\InsERTSubiektNexo.XAF.Win.csproj", "{DE552749-66E2-424C-A722-220072659B88}"
EndProject
Global
	GlobalSection(SolutionConfigurationPlatforms) = preSolution
		Debug|Any CPU = Debug|Any CPU
		EasyTest|Any CPU = EasyTest|Any CPU
		Release|Any CPU = Release|Any CPU
	EndGlobalSection
	GlobalSection(ProjectConfigurationPlatforms) = postSolution
		{E2CD70F8-B7BA-4F46-9460-65EBC4046461}.Debug|Any CPU.ActiveCfg = Debug|Any CPU
		{E2CD70F8-B7BA-4F46-9460-65EBC4046461}.Debug|Any CPU.Build.0 = Debug|Any CPU
		{E2CD70F8-B7BA-4F46-9460-65EBC4046461}.EasyTest|Any CPU.ActiveCfg = EasyTest|Any CPU
		{E2CD70F8-B7BA-4F46-9460-65EBC4046461}.EasyTest|Any CPU.Build.0 = EasyTest|Any CPU
		{E2CD70F8-B7BA-4F46-9460-65EBC4046461}.Release|Any CPU.ActiveCfg = Release|Any CPU
		{E2CD70F8-B7BA-4F46-9460-65EBC4046461}.Release|Any CPU.Build.0 = Release|Any CPU
		{F2F4AFDD-F61B-4E97-BE06-468A60C4670C}.Debug|Any CPU.ActiveCfg = Debug|Any CPU
		{F2F4AFDD-F61B-4E97-BE06-468A60C4670C}.Debug|Any CPU.Build.0 = Debug|Any CPU
		{F2F4AFDD-F61B-4E97-BE06-468A60C4670C}.EasyTest|Any CPU.ActiveCfg = EasyTest|Any CPU
		{F2F4AFDD-F61B-4E97-BE06-468A60C4670C}.EasyTest|Any CPU.Build.0 = EasyTest|Any CPU
		{F2F4AFDD-F61B-4E97-BE06-468A60C4670C}.Release|Any CPU.ActiveCfg = Release|Any CPU
		{F2F4AFDD-F61B-4E97-BE06-468A60C4670C}.Release|Any CPU.Build.0 = Release|Any CPU
		{DE552749-66E2-424C-A722-220072659B88}.Debug|Any CPU.ActiveCfg = Debug|Any CPU
		{DE552749-66E2-424C-A722-220072659B88}.Debug|Any CPU.Build.0 = Debug|Any CPU
		{DE552749-66E2-424C-A722-220072659B88}.EasyTest|Any CPU.ActiveCfg = EasyTest|Any CPU
		{DE552749-66E2-424C-A722-220072659B88}.EasyTest|Any CPU.Build.0 = EasyTest|Any CPU
		{DE552749-66E2-424C-A722-220072659B88}.Release|Any CPU.ActiveCfg = Release|Any CPU
		{DE552749-66E2-424C-A722-220072659B88}.Release|Any CPU.Build.0 = Release|Any CPU
	EndGlobalSection
	GlobalSection(SolutionProperties) = preSolution
		HideSolutionNode = FALSE
	EndGlobalSection
	GlobalSection(ExtensibilityGlobals) = postSolution
		SolutionGuid = {E608114A-460C-43AE-BA75-EDD2C21ED5D1}
	EndGlobalSection
EndGlobal
